
Microsoft Visual Studio Solution File, Format Version 12.00
# Visual Studio Version 16
VisualStudioVersion = 16.0.30011.22
MinimumVisualStudioVersion = 10.0.40219.1
Project("{FAE04EC0-301F-11D3-BF4B-00C04F79EFBC}") = "LogementImobilier.Winform", "LogementImobilier.Winform\LogementImobilier.Winform.csproj", "{0509DCB9-C0D8-4FC4-9994-FEEBC3D5C52F}"
EndProject
Project("{FAE04EC0-301F-11D3-BF4B-00C04F79EFBC}") = "LogementImobilier.BLL", "LogementImobilier.BLL\LogementImobilier.BLL.csproj", "{5545A8B7-1CA3-4402-AB2D-FE8AE5D5E8CF}"
EndProject
Project("{FAE04EC0-301F-11D3-BF4B-00C04F79EFBC}") = "LogementImobilier.BO", "LogementImobilier.BO\LogementImobilier.BO.csproj", "{0571C334-483F-4516-94DF-2A68146E621B}"
EndProject
Project("{FAE04EC0-301F-11D3-BF4B-00C04F79EFBC}") = "LogementImobilier.DAL", "LogementImobilier.DAL\LogementImobilier.DAL.csproj", "{CDC4DF43-B695-476B-8618-A00CCB51AF99}"
EndProject
Project("{FAE04EC0-301F-11D3-BF4B-00C04F79EFBC}") = "LibraryGenericSerialiser", "MyLibs\LibraryGenericSerialiser\LibraryGenericSerialiser\LibraryGenericSerialiser.csproj", "{1CF0AD28-6C7C-4F76-826A-153AEB51E562}"
EndProject
Global
	GlobalSection(SolutionConfigurationPlatforms) = preSolution
		Debug|Any CPU = Debug|Any CPU
		Release|Any CPU = Release|Any CPU
	EndGlobalSection
	GlobalSection(ProjectConfigurationPlatforms) = postSolution
		{0509DCB9-C0D8-4FC4-9994-FEEBC3D5C52F}.Debug|Any CPU.ActiveCfg = Debug|Any CPU
		{0509DCB9-C0D8-4FC4-9994-FEEBC3D5C52F}.Debug|Any CPU.Build.0 = Debug|Any CPU
		{0509DCB9-C0D8-4FC4-9994-FEEBC3D5C52F}.Release|Any CPU.ActiveCfg = Release|Any CPU
		{0509DCB9-C0D8-4FC4-9994-FEEBC3D5C52F}.Release|Any CPU.Build.0 = Release|Any CPU
		{5545A8B7-1CA3-4402-AB2D-FE8AE5D5E8CF}.Debug|Any CPU.ActiveCfg = Debug|Any CPU
		{5545A8B7-1CA3-4402-AB2D-FE8AE5D5E8CF}.Debug|Any CPU.Build.0 = Debug|Any CPU
		{5545A8B7-1CA3-4402-AB2D-FE8AE5D5E8CF}.Release|Any CPU.ActiveCfg = Release|Any CPU
		{5545A8B7-1CA3-4402-AB2D-FE8AE5D5E8CF}.Release|Any CPU.Build.0 = Release|Any CPU
		{0571C334-483F-4516-94DF-2A68146E621B}.Debug|Any CPU.ActiveCfg = Debug|Any CPU
		{0571C334-483F-4516-94DF-2A68146E621B}.Debug|Any CPU.Build.0 = Debug|Any CPU
		{0571C334-483F-4516-94DF-2A68146E621B}.Release|Any CPU.ActiveCfg = Release|Any CPU
		{0571C334-483F-4516-94DF-2A68146E621B}.Release|Any CPU.Build.0 = Release|Any CPU
		{CDC4DF43-B695-476B-8618-A00CCB51AF99}.Debug|Any CPU.ActiveCfg = Debug|Any CPU
		{CDC4DF43-B695-476B-8618-A00CCB51AF99}.Debug|Any CPU.Build.0 = Debug|Any CPU
		{CDC4DF43-B695-476B-8618-A00CCB51AF99}.Release|Any CPU.ActiveCfg = Release|Any CPU
		{CDC4DF43-B695-476B-8618-A00CCB51AF99}.Release|Any CPU.Build.0 = Release|Any CPU
		{1CF0AD28-6C7C-4F76-826A-153AEB51E562}.Debug|Any CPU.ActiveCfg = Debug|Any CPU
		{1CF0AD28-6C7C-4F76-826A-153AEB51E562}.Debug|Any CPU.Build.0 = Debug|Any CPU
		{1CF0AD28-6C7C-4F76-826A-153AEB51E562}.Release|Any CPU.ActiveCfg = Release|Any CPU
		{1CF0AD28-6C7C-4F76-826A-153AEB51E562}.Release|Any CPU.Build.0 = Release|Any CPU
	EndGlobalSection
	GlobalSection(SolutionProperties) = preSolution
		HideSolutionNode = FALSE
	EndGlobalSection
	GlobalSection(ExtensibilityGlobals) = postSolution
		SolutionGuid = {BB7F1B7D-3879-4372-98B3-09872525C5D4}
	EndGlobalSection
EndGlobal
